
Microsoft Visual Studio Solution File, Format Version 12.00
# Visual Studio 2013
VisualStudioVersion = 12.0.31101.0
MinimumVisualStudioVersion = 10.0.40219.1
Project("{2150E333-8FDC-42A3-9474-1A3956D46DE8}") = "00Net", "00Net", "{DBB8D081-D6C6-422A-B1A6-439AC176A094}"
EndProject
Project("{2150E333-8FDC-42A3-9474-1A3956D46DE8}") = "01SL", "01SL", "{53191C8D-9226-4C11-B820-D269BB90DE2A}"
EndProject
Project("{FAE04EC0-301F-11D3-BF4B-00C04F79EFBC}") = "SMES.Framework", "Net\SMES.Framework\SMES.Framework.csproj", "{766484CB-3F81-4FA0-9AE4-A19685EDD83B}"
EndProject
Project("{FAE04EC0-301F-11D3-BF4B-00C04F79EFBC}") = "SMES.SLFramework", "SL\SMES.SLFramework\SMES.SLFramework.csproj", "{83468CC8-E224-47FF-BDA1-A9C20422E753}"
EndProject
Project("{FAE04EC0-301F-11D3-BF4B-00C04F79EFBC}") = "MDF.Custom.ControlSL", "SL\MDF.Custom.ControlSL\MDF.Custom.ControlSL.csproj", "{3C73F6DD-FD95-4842-9363-99E6D1339ABC}"
EndProject
Project("{FAE04EC0-301F-11D3-BF4B-00C04F79EFBC}") = "SMES.ShareSource", "SL\SMES.ShareSource\SMES.ShareSource.csproj", "{FCB45C2C-D5E4-4B4E-92F2-00053C9A7385}"
EndProject
Project("{FAE04EC0-301F-11D3-BF4B-00C04F79EFBC}") = "SMES.Style", "SL\SMES.Style\SMES.Style.csproj", "{2BD5BBB1-8FD0-454E-B384-E34CB322B713}"
EndProject
Project("{FAE04EC0-301F-11D3-BF4B-00C04F79EFBC}") = "SMES.Util", "Net\SMES.Util\SMES.Util.csproj", "{F5AD3E58-2977-46C9-99C4-1E6EAB0B2531}"
EndProject
Project("{FAE04EC0-301F-11D3-BF4B-00C04F79EFBC}") = "SMES.PortalCommonality", "SL\SMES.PortalCommonality\SMES.PortalCommonality.csproj", "{C0CD2A77-552B-4A9D-84FF-8F5E546DA2A6}"
EndProject
Project("{2150E333-8FDC-42A3-9474-1A3956D46DE8}") = "02Web", "02Web", "{7163CF25-8C61-4026-9E7D-16F225A9CB42}"
EndProject
Project("{FAE04EC0-301F-11D3-BF4B-00C04F79EFBC}") = "SMES.FrameworkAdpt", "Net\SMES.FrameworkAdpt\SMES.FrameworkAdpt.csproj", "{E994F727-DD40-4605-90AF-C79C54BBA204}"
EndProject
Project("{FAE04EC0-301F-11D3-BF4B-00C04F79EFBC}") = "SMES.Bussiness.ControlSL", "SL\SMES.Bussiness.ControlSL\SMES.Bussiness.ControlSL.csproj", "{D1E78E2B-C2BE-4865-AB13-74D52939ABBB}"
EndProject
Project("{FAE04EC0-301F-11D3-BF4B-00C04F79EFBC}") = "MDF.UISample", "Sample\MDF.UISample\MDF.UISample.csproj", "{429F5742-8114-4A7B-9F44-10353C629CAD}"
EndProject
Project("{FAE04EC0-301F-11D3-BF4B-00C04F79EFBC}") = "MDF.Sample.WEB", "Sample\MDF.Sample.WEB\MDF.Sample.WEB.csproj", "{3C1382A9-E2AD-4402-A87E-160EA373F1B5}"
EndProject
Project("{2150E333-8FDC-42A3-9474-1A3956D46DE8}") = "03Host", "03Host", "{4728E651-B1A4-4055-87C2-9D32DA8ACEF5}"
EndProject
Project("{FAE04EC0-301F-11D3-BF4B-00C04F79EFBC}") = "MES.Framework", "Net\MES.Framework\MES.Framework.csproj", "{A95C3EF3-C812-4D9E-B52E-C9D3A0A67B55}"
EndProject
Project("{FAE04EC0-301F-11D3-BF4B-00C04F79EFBC}") = "MDF.Service.Host", "SMES-Host\MDF.Service.Host\MDF.Service.Host.csproj", "{0092F19F-2592-4277-99F6-B9F9FA0C4B67}"
EndProject
Project("{FAE04EC0-301F-11D3-BF4B-00C04F79EFBC}") = "SMES.AspNetFramework", "Net\SMES.AspNetFramework\SMES.AspNetFramework.csproj", "{DE74F800-1505-4E76-8367-9D9F683F02B6}"
EndProject
Project("{2150E333-8FDC-42A3-9474-1A3956D46DE8}") = "04ExternalData", "04ExternalData", "{C94B468D-E144-46FD-8825-BB70C06300C8}"
EndProject
Project("{FAE04EC0-301F-11D3-BF4B-00C04F79EFBC}") = "SMES.Com.ExternalData", "ExternalData\SMES.Com.ExternalData\SMES.Com.ExternalData.csproj", "{17AE372F-9A1E-43CC-94DA-0556A66B6688}"
EndProject
Project("{FAE04EC0-301F-11D3-BF4B-00C04F79EFBC}") = "SMES.Com.IExternalData", "ExternalData\SMES.Com.IExternalData\SMES.Com.IExternalData.csproj", "{413CA210-DB15-4106-9BFD-F2728A559C88}"
EndProject
Global
	GlobalSection(SolutionConfigurationPlatforms) = preSolution
		Debug|Any CPU = Debug|Any CPU
		Release|Any CPU = Release|Any CPU
	EndGlobalSection
	GlobalSection(ProjectConfigurationPlatforms) = postSolution
		{766484CB-3F81-4FA0-9AE4-A19685EDD83B}.Debug|Any CPU.ActiveCfg = Debug|Any CPU
		{766484CB-3F81-4FA0-9AE4-A19685EDD83B}.Debug|Any CPU.Build.0 = Debug|Any CPU
		{766484CB-3F81-4FA0-9AE4-A19685EDD83B}.Release|Any CPU.ActiveCfg = Release|Any CPU
		{766484CB-3F81-4FA0-9AE4-A19685EDD83B}.Release|Any CPU.Build.0 = Release|Any CPU
		{83468CC8-E224-47FF-BDA1-A9C20422E753}.Debug|Any CPU.ActiveCfg = Debug|Any CPU
		{83468CC8-E224-47FF-BDA1-A9C20422E753}.Debug|Any CPU.Build.0 = Debug|Any CPU
		{83468CC8-E224-47FF-BDA1-A9C20422E753}.Release|Any CPU.ActiveCfg = Release|Any CPU
		{83468CC8-E224-47FF-BDA1-A9C20422E753}.Release|Any CPU.Build.0 = Release|Any CPU
		{3C73F6DD-FD95-4842-9363-99E6D1339ABC}.Debug|Any CPU.ActiveCfg = Debug|Any CPU
		{3C73F6DD-FD95-4842-9363-99E6D1339ABC}.Debug|Any CPU.Build.0 = Debug|Any CPU
		{3C73F6DD-FD95-4842-9363-99E6D1339ABC}.Release|Any CPU.ActiveCfg = Release|Any CPU
		{3C73F6DD-FD95-4842-9363-99E6D1339ABC}.Release|Any CPU.Build.0 = Release|Any CPU
		{FCB45C2C-D5E4-4B4E-92F2-00053C9A7385}.Debug|Any CPU.ActiveCfg = Debug|Any CPU
		{FCB45C2C-D5E4-4B4E-92F2-00053C9A7385}.Debug|Any CPU.Build.0 = Debug|Any CPU
		{FCB45C2C-D5E4-4B4E-92F2-00053C9A7385}.Release|Any CPU.ActiveCfg = Release|Any CPU
		{FCB45C2C-D5E4-4B4E-92F2-00053C9A7385}.Release|Any CPU.Build.0 = Release|Any CPU
		{2BD5BBB1-8FD0-454E-B384-E34CB322B713}.Debug|Any CPU.ActiveCfg = Debug|Any CPU
		{2BD5BBB1-8FD0-454E-B384-E34CB322B713}.Debug|Any CPU.Build.0 = Debug|Any CPU
		{2BD5BBB1-8FD0-454E-B384-E34CB322B713}.Release|Any CPU.ActiveCfg = Release|Any CPU
		{2BD5BBB1-8FD0-454E-B384-E34CB322B713}.Release|Any CPU.Build.0 = Release|Any CPU
		{F5AD3E58-2977-46C9-99C4-1E6EAB0B2531}.Debug|Any CPU.ActiveCfg = Debug|Any CPU
		{F5AD3E58-2977-46C9-99C4-1E6EAB0B2531}.Debug|Any CPU.Build.0 = Debug|Any CPU
		{F5AD3E58-2977-46C9-99C4-1E6EAB0B2531}.Release|Any CPU.ActiveCfg = Release|Any CPU
		{F5AD3E58-2977-46C9-99C4-1E6EAB0B2531}.Release|Any CPU.Build.0 = Release|Any CPU
		{C0CD2A77-552B-4A9D-84FF-8F5E546DA2A6}.Debug|Any CPU.ActiveCfg = Debug|Any CPU
		{C0CD2A77-552B-4A9D-84FF-8F5E546DA2A6}.Debug|Any CPU.Build.0 = Debug|Any CPU
		{C0CD2A77-552B-4A9D-84FF-8F5E546DA2A6}.Release|Any CPU.ActiveCfg = Release|Any CPU
		{C0CD2A77-552B-4A9D-84FF-8F5E546DA2A6}.Release|Any CPU.Build.0 = Release|Any CPU
		{E994F727-DD40-4605-90AF-C79C54BBA204}.Debug|Any CPU.ActiveCfg = Debug|Any CPU
		{E994F727-DD40-4605-90AF-C79C54BBA204}.Debug|Any CPU.Build.0 = Debug|Any CPU
		{E994F727-DD40-4605-90AF-C79C54BBA204}.Release|Any CPU.ActiveCfg = Release|Any CPU
		{E994F727-DD40-4605-90AF-C79C54BBA204}.Release|Any CPU.Build.0 = Release|Any CPU
		{D1E78E2B-C2BE-4865-AB13-74D52939ABBB}.Debug|Any CPU.ActiveCfg = Debug|Any CPU
		{D1E78E2B-C2BE-4865-AB13-74D52939ABBB}.Debug|Any CPU.Build.0 = Debug|Any CPU
		{D1E78E2B-C2BE-4865-AB13-74D52939ABBB}.Release|Any CPU.ActiveCfg = Release|Any CPU
		{D1E78E2B-C2BE-4865-AB13-74D52939ABBB}.Release|Any CPU.Build.0 = Release|Any CPU
		{429F5742-8114-4A7B-9F44-10353C629CAD}.Debug|Any CPU.ActiveCfg = Debug|Any CPU
		{429F5742-8114-4A7B-9F44-10353C629CAD}.Debug|Any CPU.Build.0 = Debug|Any CPU
		{429F5742-8114-4A7B-9F44-10353C629CAD}.Release|Any CPU.ActiveCfg = Release|Any CPU
		{429F5742-8114-4A7B-9F44-10353C629CAD}.Release|Any CPU.Build.0 = Release|Any CPU
		{3C1382A9-E2AD-4402-A87E-160EA373F1B5}.Debug|Any CPU.ActiveCfg = Debug|Any CPU
		{3C1382A9-E2AD-4402-A87E-160EA373F1B5}.Debug|Any CPU.Build.0 = Debug|Any CPU
		{3C1382A9-E2AD-4402-A87E-160EA373F1B5}.Release|Any CPU.ActiveCfg = Release|Any CPU
		{3C1382A9-E2AD-4402-A87E-160EA373F1B5}.Release|Any CPU.Build.0 = Release|Any CPU
		{A95C3EF3-C812-4D9E-B52E-C9D3A0A67B55}.Debug|Any CPU.ActiveCfg = Debug|Any CPU
		{A95C3EF3-C812-4D9E-B52E-C9D3A0A67B55}.Debug|Any CPU.Build.0 = Debug|Any CPU
		{A95C3EF3-C812-4D9E-B52E-C9D3A0A67B55}.Release|Any CPU.ActiveCfg = Release|Any CPU
		{A95C3EF3-C812-4D9E-B52E-C9D3A0A67B55}.Release|Any CPU.Build.0 = Release|Any CPU
		{0092F19F-2592-4277-99F6-B9F9FA0C4B67}.Debug|Any CPU.ActiveCfg = Debug|Any CPU
		{0092F19F-2592-4277-99F6-B9F9FA0C4B67}.Debug|Any CPU.Build.0 = Debug|Any CPU
		{0092F19F-2592-4277-99F6-B9F9FA0C4B67}.Release|Any CPU.ActiveCfg = Release|Any CPU
		{0092F19F-2592-4277-99F6-B9F9FA0C4B67}.Release|Any CPU.Build.0 = Release|Any CPU
		{DE74F800-1505-4E76-8367-9D9F683F02B6}.Debug|Any CPU.ActiveCfg = Debug|Any CPU
		{DE74F800-1505-4E76-8367-9D9F683F02B6}.Debug|Any CPU.Build.0 = Debug|Any CPU
		{DE74F800-1505-4E76-8367-9D9F683F02B6}.Release|Any CPU.ActiveCfg = Release|Any CPU
		{DE74F800-1505-4E76-8367-9D9F683F02B6}.Release|Any CPU.Build.0 = Release|Any CPU
		{17AE372F-9A1E-43CC-94DA-0556A66B6688}.Debug|Any CPU.ActiveCfg = Debug|Any CPU
		{17AE372F-9A1E-43CC-94DA-0556A66B6688}.Debug|Any CPU.Build.0 = Debug|Any CPU
		{17AE372F-9A1E-43CC-94DA-0556A66B6688}.Release|Any CPU.ActiveCfg = Release|Any CPU
		{17AE372F-9A1E-43CC-94DA-0556A66B6688}.Release|Any CPU.Build.0 = Release|Any CPU
		{413CA210-DB15-4106-9BFD-F2728A559C88}.Debug|Any CPU.ActiveCfg = Debug|Any CPU
		{413CA210-DB15-4106-9BFD-F2728A559C88}.Debug|Any CPU.Build.0 = Debug|Any CPU
		{413CA210-DB15-4106-9BFD-F2728A559C88}.Release|Any CPU.ActiveCfg = Release|Any CPU
		{413CA210-DB15-4106-9BFD-F2728A559C88}.Release|Any CPU.Build.0 = Release|Any CPU
	EndGlobalSection
	GlobalSection(SolutionProperties) = preSolution
		HideSolutionNode = FALSE
	EndGlobalSection
	GlobalSection(NestedProjects) = preSolution
		{766484CB-3F81-4FA0-9AE4-A19685EDD83B} = {DBB8D081-D6C6-422A-B1A6-439AC176A094}
		{83468CC8-E224-47FF-BDA1-A9C20422E753} = {53191C8D-9226-4C11-B820-D269BB90DE2A}
		{3C73F6DD-FD95-4842-9363-99E6D1339ABC} = {53191C8D-9226-4C11-B820-D269BB90DE2A}
		{FCB45C2C-D5E4-4B4E-92F2-00053C9A7385} = {53191C8D-9226-4C11-B820-D269BB90DE2A}
		{2BD5BBB1-8FD0-454E-B384-E34CB322B713} = {53191C8D-9226-4C11-B820-D269BB90DE2A}
		{F5AD3E58-2977-46C9-99C4-1E6EAB0B2531} = {DBB8D081-D6C6-422A-B1A6-439AC176A094}
		{C0CD2A77-552B-4A9D-84FF-8F5E546DA2A6} = {53191C8D-9226-4C11-B820-D269BB90DE2A}
		{E994F727-DD40-4605-90AF-C79C54BBA204} = {DBB8D081-D6C6-422A-B1A6-439AC176A094}
		{D1E78E2B-C2BE-4865-AB13-74D52939ABBB} = {53191C8D-9226-4C11-B820-D269BB90DE2A}
		{429F5742-8114-4A7B-9F44-10353C629CAD} = {7163CF25-8C61-4026-9E7D-16F225A9CB42}
		{3C1382A9-E2AD-4402-A87E-160EA373F1B5} = {7163CF25-8C61-4026-9E7D-16F225A9CB42}
		{A95C3EF3-C812-4D9E-B52E-C9D3A0A67B55} = {DBB8D081-D6C6-422A-B1A6-439AC176A094}
		{0092F19F-2592-4277-99F6-B9F9FA0C4B67} = {7163CF25-8C61-4026-9E7D-16F225A9CB42}
		{DE74F800-1505-4E76-8367-9D9F683F02B6} = {DBB8D081-D6C6-422A-B1A6-439AC176A094}
		{17AE372F-9A1E-43CC-94DA-0556A66B6688} = {C94B468D-E144-46FD-8825-BB70C06300C8}
		{413CA210-DB15-4106-9BFD-F2728A559C88} = {C94B468D-E144-46FD-8825-BB70C06300C8}
	EndGlobalSection
EndGlobal
