
Microsoft Visual Studio Solution File, Format Version 12.00
# Visual Studio 2013
VisualStudioVersion = 12.0.40629.0
MinimumVisualStudioVersion = 10.0.40219.1
Project("{2150E333-8FDC-42A3-9474-1A3956D46DE8}") = "00-公共模块", "00-公共模块", "{8F943EC2-53A4-48C5-8D06-B3FBB567AD61}"
EndProject
Project("{2150E333-8FDC-42A3-9474-1A3956D46DE8}") = "01-服务", "01-服务", "{8E4DF0C1-1C02-4660-BD1F-B5193D8941F2}"
EndProject
Project("{2150E333-8FDC-42A3-9474-1A3956D46DE8}") = "02-客户端", "02-客户端", "{39BC28AD-63E0-4322-AA66-CDD170EF57D6}"
EndProject
Project("{2150E333-8FDC-42A3-9474-1A3956D46DE8}") = "03-测试", "03-测试", "{2AA64204-9CE4-45D4-9BB0-CE9BB1C5E5BF}"
EndProject
Project("{2150E333-8FDC-42A3-9474-1A3956D46DE8}") = "04-Host", "04-Host", "{F0FCF018-4A63-4C49-8849-6C3CF684DC74}"
EndProject
Project("{FAE04EC0-301F-11D3-BF4B-00C04F79EFBC}") = "MES.Framework", "..\public_module\Net\MES.Framework\MES.Framework.csproj", "{A95C3EF3-C812-4D9E-B52E-C9D3A0A67B55}"
EndProject
Project("{FAE04EC0-301F-11D3-BF4B-00C04F79EFBC}") = "SMES.AspNetFramework", "..\public_module\Net\SMES.AspNetFramework\SMES.AspNetFramework.csproj", "{DE74F800-1505-4E76-8367-9D9F683F02B6}"
EndProject
Project("{FAE04EC0-301F-11D3-BF4B-00C04F79EFBC}") = "SMES.Framework", "..\public_module\Net\SMES.Framework\SMES.Framework.csproj", "{766484CB-3F81-4FA0-9AE4-A19685EDD83B}"
EndProject
Project("{FAE04EC0-301F-11D3-BF4B-00C04F79EFBC}") = "MDF.Service.Host", "MDF.Service.Host\MDF.Service.Host.csproj", "{0092F19F-2592-4277-99F6-B9F9FA0C4B67}"
EndProject
Project("{FAE04EC0-301F-11D3-BF4B-00C04F79EFBC}") = "SMES.AspNetDTM.Model", "SMES.AspNetDTM.Model\SMES.AspNetDTM.Model.csproj", "{636ABF31-385F-4FC9-8966-A6C3AA8FE206}"
EndProject
Project("{FAE04EC0-301F-11D3-BF4B-00C04F79EFBC}") = "SMES.AspNetDTM.Core", "SMES.AspNetDTM.Core\SMES.AspNetDTM.Core.csproj", "{E8B17613-5780-47CE-AFF0-720D4DC4B398}"
EndProject
Project("{FAE04EC0-301F-11D3-BF4B-00C04F79EFBC}") = "SMES.AspNetDTM.ICore", "SMES.AspNetDTM.ICore\SMES.AspNetDTM.ICore.csproj", "{67E3F46B-BF56-4731-9C51-18421AAEAB5E}"
EndProject
Project("{FAE04EC0-301F-11D3-BF4B-00C04F79EFBC}") = "SMES.AspNetDTM.UI", "SMES.AspNetDTMUI\SMES.AspNetDTM.UI.csproj", "{A8ABE6A2-FDEF-4AC5-9DAE-91C08E6F70BF}"
EndProject
Project("{FAE04EC0-301F-11D3-BF4B-00C04F79EFBC}") = "SMES.AspNetDTM.Test", "SMES.AspNetDTM.Test\SMES.AspNetDTM.Test.csproj", "{EF622254-7850-4F21-9B5E-69A871893BEA}"
EndProject
Project("{FAE04EC0-301F-11D3-BF4B-00C04F79EFBC}") = "SMES.Com.ExternalData", "..\public_module\ExternalData\SMES.Com.ExternalData\SMES.Com.ExternalData.csproj", "{17AE372F-9A1E-43CC-94DA-0556A66B6688}"
EndProject
Project("{FAE04EC0-301F-11D3-BF4B-00C04F79EFBC}") = "SMES.Com.IExternalData", "..\public_module\ExternalData\SMES.Com.IExternalData\SMES.Com.IExternalData.csproj", "{413CA210-DB15-4106-9BFD-F2728A559C88}"
EndProject
Global
	GlobalSection(SolutionConfigurationPlatforms) = preSolution
		Debug|Any CPU = Debug|Any CPU
		Release|Any CPU = Release|Any CPU
	EndGlobalSection
	GlobalSection(ProjectConfigurationPlatforms) = postSolution
		{A95C3EF3-C812-4D9E-B52E-C9D3A0A67B55}.Debug|Any CPU.ActiveCfg = Debug|Any CPU
		{A95C3EF3-C812-4D9E-B52E-C9D3A0A67B55}.Debug|Any CPU.Build.0 = Debug|Any CPU
		{A95C3EF3-C812-4D9E-B52E-C9D3A0A67B55}.Release|Any CPU.ActiveCfg = Release|Any CPU
		{A95C3EF3-C812-4D9E-B52E-C9D3A0A67B55}.Release|Any CPU.Build.0 = Release|Any CPU
		{DE74F800-1505-4E76-8367-9D9F683F02B6}.Debug|Any CPU.ActiveCfg = Debug|Any CPU
		{DE74F800-1505-4E76-8367-9D9F683F02B6}.Debug|Any CPU.Build.0 = Debug|Any CPU
		{DE74F800-1505-4E76-8367-9D9F683F02B6}.Release|Any CPU.ActiveCfg = Release|Any CPU
		{DE74F800-1505-4E76-8367-9D9F683F02B6}.Release|Any CPU.Build.0 = Release|Any CPU
		{766484CB-3F81-4FA0-9AE4-A19685EDD83B}.Debug|Any CPU.ActiveCfg = Debug|Any CPU
		{766484CB-3F81-4FA0-9AE4-A19685EDD83B}.Debug|Any CPU.Build.0 = Debug|Any CPU
		{766484CB-3F81-4FA0-9AE4-A19685EDD83B}.Release|Any CPU.ActiveCfg = Release|Any CPU
		{766484CB-3F81-4FA0-9AE4-A19685EDD83B}.Release|Any CPU.Build.0 = Release|Any CPU
		{0092F19F-2592-4277-99F6-B9F9FA0C4B67}.Debug|Any CPU.ActiveCfg = Debug|Any CPU
		{0092F19F-2592-4277-99F6-B9F9FA0C4B67}.Debug|Any CPU.Build.0 = Debug|Any CPU
		{0092F19F-2592-4277-99F6-B9F9FA0C4B67}.Release|Any CPU.ActiveCfg = Release|Any CPU
		{0092F19F-2592-4277-99F6-B9F9FA0C4B67}.Release|Any CPU.Build.0 = Release|Any CPU
		{636ABF31-385F-4FC9-8966-A6C3AA8FE206}.Debug|Any CPU.ActiveCfg = Debug|Any CPU
		{636ABF31-385F-4FC9-8966-A6C3AA8FE206}.Debug|Any CPU.Build.0 = Debug|Any CPU
		{636ABF31-385F-4FC9-8966-A6C3AA8FE206}.Release|Any CPU.ActiveCfg = Release|Any CPU
		{636ABF31-385F-4FC9-8966-A6C3AA8FE206}.Release|Any CPU.Build.0 = Release|Any CPU
		{E8B17613-5780-47CE-AFF0-720D4DC4B398}.Debug|Any CPU.ActiveCfg = Debug|Any CPU
		{E8B17613-5780-47CE-AFF0-720D4DC4B398}.Debug|Any CPU.Build.0 = Debug|Any CPU
		{E8B17613-5780-47CE-AFF0-720D4DC4B398}.Release|Any CPU.ActiveCfg = Release|Any CPU
		{E8B17613-5780-47CE-AFF0-720D4DC4B398}.Release|Any CPU.Build.0 = Release|Any CPU
		{67E3F46B-BF56-4731-9C51-18421AAEAB5E}.Debug|Any CPU.ActiveCfg = Debug|Any CPU
		{67E3F46B-BF56-4731-9C51-18421AAEAB5E}.Debug|Any CPU.Build.0 = Debug|Any CPU
		{67E3F46B-BF56-4731-9C51-18421AAEAB5E}.Release|Any CPU.ActiveCfg = Release|Any CPU
		{67E3F46B-BF56-4731-9C51-18421AAEAB5E}.Release|Any CPU.Build.0 = Release|Any CPU
		{A8ABE6A2-FDEF-4AC5-9DAE-91C08E6F70BF}.Debug|Any CPU.ActiveCfg = Debug|Any CPU
		{A8ABE6A2-FDEF-4AC5-9DAE-91C08E6F70BF}.Debug|Any CPU.Build.0 = Debug|Any CPU
		{A8ABE6A2-FDEF-4AC5-9DAE-91C08E6F70BF}.Release|Any CPU.ActiveCfg = Release|Any CPU
		{A8ABE6A2-FDEF-4AC5-9DAE-91C08E6F70BF}.Release|Any CPU.Build.0 = Release|Any CPU
		{EF622254-7850-4F21-9B5E-69A871893BEA}.Debug|Any CPU.ActiveCfg = Debug|Any CPU
		{EF622254-7850-4F21-9B5E-69A871893BEA}.Debug|Any CPU.Build.0 = Debug|Any CPU
		{EF622254-7850-4F21-9B5E-69A871893BEA}.Release|Any CPU.ActiveCfg = Release|Any CPU
		{EF622254-7850-4F21-9B5E-69A871893BEA}.Release|Any CPU.Build.0 = Release|Any CPU
		{17AE372F-9A1E-43CC-94DA-0556A66B6688}.Debug|Any CPU.ActiveCfg = Debug|Any CPU
		{17AE372F-9A1E-43CC-94DA-0556A66B6688}.Debug|Any CPU.Build.0 = Debug|Any CPU
		{17AE372F-9A1E-43CC-94DA-0556A66B6688}.Release|Any CPU.ActiveCfg = Release|Any CPU
		{17AE372F-9A1E-43CC-94DA-0556A66B6688}.Release|Any CPU.Build.0 = Release|Any CPU
		{413CA210-DB15-4106-9BFD-F2728A559C88}.Debug|Any CPU.ActiveCfg = Debug|Any CPU
		{413CA210-DB15-4106-9BFD-F2728A559C88}.Debug|Any CPU.Build.0 = Debug|Any CPU
		{413CA210-DB15-4106-9BFD-F2728A559C88}.Release|Any CPU.ActiveCfg = Release|Any CPU
		{413CA210-DB15-4106-9BFD-F2728A559C88}.Release|Any CPU.Build.0 = Release|Any CPU
	EndGlobalSection
	GlobalSection(SolutionProperties) = preSolution
		HideSolutionNode = FALSE
	EndGlobalSection
	GlobalSection(NestedProjects) = preSolution
		{A95C3EF3-C812-4D9E-B52E-C9D3A0A67B55} = {8F943EC2-53A4-48C5-8D06-B3FBB567AD61}
		{DE74F800-1505-4E76-8367-9D9F683F02B6} = {8F943EC2-53A4-48C5-8D06-B3FBB567AD61}
		{766484CB-3F81-4FA0-9AE4-A19685EDD83B} = {8F943EC2-53A4-48C5-8D06-B3FBB567AD61}
		{0092F19F-2592-4277-99F6-B9F9FA0C4B67} = {F0FCF018-4A63-4C49-8849-6C3CF684DC74}
		{636ABF31-385F-4FC9-8966-A6C3AA8FE206} = {8E4DF0C1-1C02-4660-BD1F-B5193D8941F2}
		{E8B17613-5780-47CE-AFF0-720D4DC4B398} = {8E4DF0C1-1C02-4660-BD1F-B5193D8941F2}
		{67E3F46B-BF56-4731-9C51-18421AAEAB5E} = {8E4DF0C1-1C02-4660-BD1F-B5193D8941F2}
		{A8ABE6A2-FDEF-4AC5-9DAE-91C08E6F70BF} = {39BC28AD-63E0-4322-AA66-CDD170EF57D6}
		{EF622254-7850-4F21-9B5E-69A871893BEA} = {2AA64204-9CE4-45D4-9BB0-CE9BB1C5E5BF}
		{17AE372F-9A1E-43CC-94DA-0556A66B6688} = {8F943EC2-53A4-48C5-8D06-B3FBB567AD61}
		{413CA210-DB15-4106-9BFD-F2728A559C88} = {8F943EC2-53A4-48C5-8D06-B3FBB567AD61}
	EndGlobalSection
EndGlobal
